{
  "name": "练习2",
  "lockfileVersion": 2,
  "requires": true,
  "packages": {
    "": {
      "dependencies": {
        "artplayer-plugin-danmuku": "^4.4.10"
      }
    },
    "node_modules/artplayer-plugin-danmuku": {
      "version": "4.4.10",
      "resolved": "https://registry.npmjs.org/artplayer-plugin-danmuku/-/artplayer-plugin-danmuku-4.4.10.tgz",
      "integrity": "sha512-NMfpkwsp4kxDKd4VuEMGnpkavllJZysyReIF09LEnRCr3D72R1f22byG5y7tcdSNRr/9I/bRCyfXioTn326cPw=="
    }
  },
  "dependencies": {
    "artplayer-plugin-danmuku": {
      "version": "4.4.10",
      "resolved": "https://registry.npmjs.org/artplayer-plugin-danmuku/-/artplayer-plugin-danmuku-4.4.10.tgz",
      "integrity": "sha512-NMfpkwsp4kxDKd4VuEMGnpkavllJZysyReIF09LEnRCr3D72R1f22byG5y7tcdSNRr/9I/bRCyfXioTn326cPw=="
    }
  }
}
